// !$*UTF8*$!
{
	archiveVersion = 1;
	classes = {
	};
	objectVersion = 50;
	objects = {

/* Begin PBXBuildFile section */
		5F987D6620BFC305006A84BB /* AppDelegate.m in Sources */ = {isa = PBXBuildFile; fileRef = 5F987D6520BFC305006A84BB /* AppDelegate.m */; };
		5F987D6920BFC305006A84BB /* ViewController.m in Sources */ = {isa = PBXBuildFile; fileRef = 5F987D6820BFC305006A84BB /* ViewController.m */; };
		5F987D6C20BFC305006A84BB /* Main.storyboard in Resources */ = {isa = PBXBuildFile; fileRef = 5F987D6A20BFC305006A84BB /* Main.storyboard */; };
		5F987D6E20BFC306006A84BB /* Assets.xcassets in Resources */ = {isa = PBXBuildFile; fileRef = 5F987D6D20BFC306006A84BB /* Assets.xcassets */; };
		5F987D7120BFC306006A84BB /* LaunchScreen.storyboard in Resources */ = {isa = PBXBuildFile; fileRef = 5F987D6F20BFC306006A84BB /* LaunchScreen.storyboard */; };
		5F987D7420BFC306006A84BB /* main.m in Sources */ = {isa = PBXBuildFile; fileRef = 5F987D7320BFC306006A84BB /* main.m */; };
		5F987D7E20BFC306006A84BB /* DYSafeObjectDemoTests.m in Sources */ = {isa = PBXBuildFile; fileRef = 5F987D7D20BFC306006A84BB /* DYSafeObjectDemoTests.m */; };
		5F987D8920BFC306006A84BB /* DYSafeObjectDemoUITests.m in Sources */ = {isa = PBXBuildFile; fileRef = 5F987D8820BFC306006A84BB /* DYSafeObjectDemoUITests.m */; };
		5F987D9920BFC36F006A84BB /* NSArray+DYSafe.m in Sources */ = {isa = PBXBuildFile; fileRef = 5F987D9820BFC36F006A84BB /* NSArray+DYSafe.m */; };
		5F987D9C20BFC38C006A84BB /* NSMutableArray+DYSafe.m in Sources */ = {isa = PBXBuildFile; fileRef = 5F987D9B20BFC38C006A84BB /* NSMutableArray+DYSafe.m */; };
		5F987D9F20BFC48A006A84BB /* NSDictionary+DYSafe.m in Sources */ = {isa = PBXBuildFile; fileRef = 5F987D9E20BFC48A006A84BB /* NSDictionary+DYSafe.m */; };
		5F987DA220BFC4A4006A84BB /* NSMutableDictionary+DYSafe.m in Sources */ = {isa = PBXBuildFile; fileRef = 5F987DA120BFC4A4006A84BB /* NSMutableDictionary+DYSafe.m */; };
		5F987DA520BFC4C9006A84BB /* NSMutableString+DYSafe.m in Sources */ = {isa = PBXBuildFile; fileRef = 5F987DA420BFC4C9006A84BB /* NSMutableString+DYSafe.m */; };
		5F987DA820BFC523006A84BB /* NSObject+DYSafe.m in Sources */ = {isa = PBXBuildFile; fileRef = 5F987DA720BFC523006A84BB /* NSObject+DYSafe.m */; };
		5F987DAB20BFC541006A84BB /* NSObject+DYSwizzle.m in Sources */ = {isa = PBXBuildFile; fileRef = 5F987DAA20BFC541006A84BB /* NSObject+DYSwizzle.m */; };
/* End PBXBuildFile section */

/* Begin PBXContainerItemProxy section */
		5F987D7A20BFC306006A84BB /* PBXContainerItemProxy */ = {
			isa = PBXContainerItemProxy;
			containerPortal = 5F987D5920BFC305006A84BB /* Project object */;
			proxyType = 1;
			remoteGlobalIDString = 5F987D6020BFC305006A84BB;
			remoteInfo = DYSafeObjectDemo;
		};
		5F987D8520BFC306006A84BB /* PBXContainerItemProxy */ = {
			isa = PBXContainerItemProxy;
			containerPortal = 5F987D5920BFC305006A84BB /* Project object */;
			proxyType = 1;
			remoteGlobalIDString = 5F987D6020BFC305006A84BB;
			remoteInfo = DYSafeObjectDemo;
		};
/* End PBXContainerItemProxy section */

/* Begin PBXFileReference section */
		5F987D6120BFC305006A84BB /* DYSafeObjectDemo.app */ = {isa = PBXFileReference; explicitFileType = wrapper.application; includeInIndex = 0; path = DYSafeObjectDemo.app; sourceTree = BUILT_PRODUCTS_DIR; };
		5F987D6420BFC305006A84BB /* AppDelegate.h */ = {isa = PBXFileReference; lastKnownFileType = sourcecode.c.h; path = AppDelegate.h; sourceTree = "<group>"; };
		5F987D6520BFC305006A84BB /* AppDelegate.m */ = {isa = PBXFileReference; lastKnownFileType = sourcecode.c.objc; path = AppDelegate.m; sourceTree = "<group>"; };
		5F987D6720BFC305006A84BB /* ViewController.h */ = {isa = PBXFileReference; lastKnownFileType = sourcecode.c.h; path = ViewController.h; sourceTree = "<group>"; };
		5F987D6820BFC305006A84BB /* ViewController.m */ = {isa = PBXFileReference; lastKnownFileType = sourcecode.c.objc; path = ViewController.m; sourceTree = "<group>"; };
		5F987D6B20BFC305006A84BB /* Base */ = {isa = PBXFileReference; lastKnownFileType = file.storyboard; name = Base; path = Base.lproj/Main.storyboard; sourceTree = "<group>"; };
		5F987D6D20BFC306006A84BB /* Assets.xcassets */ = {isa = PBXFileReference; lastKnownFileType = folder.assetcatalog; path = Assets.xcassets; sourceTree = "<group>"; };
		5F987D7020BFC306006A84BB /* Base */ = {isa = PBXFileReference; lastKnownFileType = file.storyboard; name = Base; path = Base.lproj/LaunchScreen.storyboard; sourceTree = "<group>"; };
		5F987D7220BFC306006A84BB /* Info.plist */ = {isa = PBXFileReference; lastKnownFileType = text.plist.xml; path = Info.plist; sourceTree = "<group>"; };
		5F987D7320BFC306006A84BB /* main.m */ = {isa = PBXFileReference; lastKnownFileType = sourcecode.c.objc; path = main.m; sourceTree = "<group>"; };
		5F987D7920BFC306006A84BB /* DYSafeObjectDemoTests.xctest */ = {isa = PBXFileReference; explicitFileType = wrapper.cfbundle; includeInIndex = 0; path = DYSafeObjectDemoTests.xctest; sourceTree = BUILT_PRODUCTS_DIR; };
		5F987D7D20BFC306006A84BB /* DYSafeObjectDemoTests.m */ = {isa = PBXFileReference; lastKnownFileType = sourcecode.c.objc; path = DYSafeObjectDemoTests.m; sourceTree = "<group>"; };
		5F987D7F20BFC306006A84BB /* Info.plist */ = {isa = PBXFileReference; lastKnownFileType = text.plist.xml; path = Info.plist; sourceTree = "<group>"; };
		5F987D8420BFC306006A84BB /* DYSafeObjectDemoUITests.xctest */ = {isa = PBXFileReference; explicitFileType = wrapper.cfbundle; includeInIndex = 0; path = DYSafeObjectDemoUITests.xctest; sourceTree = BUILT_PRODUCTS_DIR; };
		5F987D8820BFC306006A84BB /* DYSafeObjectDemoUITests.m */ = {isa = PBXFileReference; lastKnownFileType = sourcecode.c.objc; path = DYSafeObjectDemoUITests.m; sourceTree = "<group>"; };
		5F987D8A20BFC306006A84BB /* Info.plist */ = {isa = PBXFileReference; lastKnownFileType = text.plist.xml; path = Info.plist; sourceTree = "<group>"; };
		5F987D9720BFC36F006A84BB /* NSArray+DYSafe.h */ = {isa = PBXFileReference; lastKnownFileType = sourcecode.c.h; path = "NSArray+DYSafe.h"; sourceTree = "<group>"; };
		5F987D9820BFC36F006A84BB /* NSArray+DYSafe.m */ = {isa = PBXFileReference; lastKnownFileType = sourcecode.c.objc; path = "NSArray+DYSafe.m"; sourceTree = "<group>"; };
		5F987D9A20BFC38C006A84BB /* NSMutableArray+DYSafe.h */ = {isa = PBXFileReference; lastKnownFileType = sourcecode.c.h; path = "NSMutableArray+DYSafe.h"; sourceTree = "<group>"; };
		5F987D9B20BFC38C006A84BB /* NSMutableArray+DYSafe.m */ = {isa = PBXFileReference; lastKnownFileType = sourcecode.c.objc; path = "NSMutableArray+DYSafe.m"; sourceTree = "<group>"; };
		5F987D9D20BFC48A006A84BB /* NSDictionary+DYSafe.h */ = {isa = PBXFileReference; lastKnownFileType = sourcecode.c.h; path = "NSDictionary+DYSafe.h"; sourceTree = "<group>"; };
		5F987D9E20BFC48A006A84BB /* NSDictionary+DYSafe.m */ = {isa = PBXFileReference; lastKnownFileType = sourcecode.c.objc; path = "NSDictionary+DYSafe.m"; sourceTree = "<group>"; };
		5F987DA020BFC4A4006A84BB /* NSMutableDictionary+DYSafe.h */ = {isa = PBXFileReference; lastKnownFileType = sourcecode.c.h; path = "NSMutableDictionary+DYSafe.h"; sourceTree = "<group>"; };
		5F987DA120BFC4A4006A84BB /* NSMutableDictionary+DYSafe.m */ = {isa = PBXFileReference; lastKnownFileType = sourcecode.c.objc; path = "NSMutableDictionary+DYSafe.m"; sourceTree = "<group>"; };
		5F987DA320BFC4C9006A84BB /* NSMutableString+DYSafe.h */ = {isa = PBXFileReference; lastKnownFileType = sourcecode.c.h; path = "NSMutableString+DYSafe.h"; sourceTree = "<group>"; };
		5F987DA420BFC4C9006A84BB /* NSMutableString+DYSafe.m */ = {isa = PBXFileReference; lastKnownFileType = sourcecode.c.objc; path = "NSMutableString+DYSafe.m"; sourceTree = "<group>"; };
		5F987DA620BFC523006A84BB /* NSObject+DYSafe.h */ = {isa = PBXFileReference; lastKnownFileType = sourcecode.c.h; path = "NSObject+DYSafe.h"; sourceTree = "<group>"; };
		5F987DA720BFC523006A84BB /* NSObject+DYSafe.m */ = {isa = PBXFileReference; lastKnownFileType = sourcecode.c.objc; path = "NSObject+DYSafe.m"; sourceTree = "<group>"; };
		5F987DA920BFC541006A84BB /* NSObject+DYSwizzle.h */ = {isa = PBXFileReference; lastKnownFileType = sourcecode.c.h; path = "NSObject+DYSwizzle.h"; sourceTree = "<group>"; };
		5F987DAA20BFC541006A84BB /* NSObject+DYSwizzle.m */ = {isa = PBXFileReference; lastKnownFileType = sourcecode.c.objc; path = "NSObject+DYSwizzle.m"; sourceTree = "<group>"; };
/* End PBXFileReference section */

/* Begin PBXFrameworksBuildPhase section */
		5F987D5E20BFC305006A84BB /* Frameworks */ = {
			isa = PBXFrameworksBuildPhase;
			buildActionMask = 2147483647;
			files = (
			);
			runOnlyForDeploymentPostprocessing = 0;
		};
		5F987D7620BFC306006A84BB /* Frameworks */ = {
			isa = PBXFrameworksBuildPhase;
			buildActionMask = 2147483647;
			files = (
			);
			runOnlyForDeploymentPostprocessing = 0;
		};
		5F987D8120BFC306006A84BB /* Frameworks */ = {
			isa = PBXFrameworksBuildPhase;
			buildActionMask = 2147483647;
			files = (
			);
			runOnlyForDeploymentPostprocessing = 0;
		};
/* End PBXFrameworksBuildPhase section */

/* Begin PBXGroup section */
		5F987D5820BFC305006A84BB = {
			isa = PBXGroup;
			children = (
				5F987D6320BFC305006A84BB /* DYSafeObjectDemo */,
				5F987D7C20BFC306006A84BB /* DYSafeObjectDemoTests */,
				5F987D8720BFC306006A84BB /* DYSafeObjectDemoUITests */,
				5F987D6220BFC305006A84BB /* Products */,
			);
			sourceTree = "<group>";
		};
		5F987D6220BFC305006A84BB /* Products */ = {
			isa = PBXGroup;
			children = (
				5F987D6120BFC305006A84BB /* DYSafeObjectDemo.app */,
				5F987D7920BFC306006A84BB /* DYSafeObjectDemoTests.xctest */,
				5F987D8420BFC306006A84BB /* DYSafeObjectDemoUITests.xctest */,
			);
			name = Products;
			sourceTree = "<group>";
		};
		5F987D6320BFC305006A84BB /* DYSafeObjectDemo */ = {
			isa = PBXGroup;
			children = (
				5F987D9620BFC322006A84BB /* DYSafeObject */,
				5F987D6420BFC305006A84BB /* AppDelegate.h */,
				5F987D6520BFC305006A84BB /* AppDelegate.m */,
				5F987D6720BFC305006A84BB /* ViewController.h */,
				5F987D6820BFC305006A84BB /* ViewController.m */,
				5F987D6A20BFC305006A84BB /* Main.storyboard */,
				5F987D6D20BFC306006A84BB /* Assets.xcassets */,
				5F987D6F20BFC306006A84BB /* LaunchScreen.storyboard */,
				5F987D7220BFC306006A84BB /* Info.plist */,
				5F987D7320BFC306006A84BB /* main.m */,
			);
			path = DYSafeObjectDemo;
			sourceTree = "<group>";
		};
		5F987D7C20BFC306006A84BB /* DYSafeObjectDemoTests */ = {
			isa = PBXGroup;
			children = (
				5F987D7D20BFC306006A84BB /* DYSafeObjectDemoTests.m */,
				5F987D7F20BFC306006A84BB /* Info.plist */,
			);
			path = DYSafeObjectDemoTests;
			sourceTree = "<group>";
		};
		5F987D8720BFC306006A84BB /* DYSafeObjectDemoUITests */ = {
			isa = PBXGroup;
			children = (
				5F987D8820BFC306006A84BB /* DYSafeObjectDemoUITests.m */,
				5F987D8A20BFC306006A84BB /* Info.plist */,
			);
			path = DYSafeObjectDemoUITests;
			sourceTree = "<group>";
		};
		5F987D9620BFC322006A84BB /* DYSafeObject */ = {
			isa = PBXGroup;
			children = (
				5F987D9720BFC36F006A84BB /* NSArray+DYSafe.h */,
				5F987D9820BFC36F006A84BB /* NSArray+DYSafe.m */,
				5F987D9A20BFC38C006A84BB /* NSMutableArray+DYSafe.h */,
				5F987D9B20BFC38C006A84BB /* NSMutableArray+DYSafe.m */,
				5F987D9D20BFC48A006A84BB /* NSDictionary+DYSafe.h */,
				5F987D9E20BFC48A006A84BB /* NSDictionary+DYSafe.m */,
				5F987DA020BFC4A4006A84BB /* NSMutableDictionary+DYSafe.h */,
				5F987DA120BFC4A4006A84BB /* NSMutableDictionary+DYSafe.m */,
				5F987DA320BFC4C9006A84BB /* NSMutableString+DYSafe.h */,
				5F987DA420BFC4C9006A84BB /* NSMutableString+DYSafe.m */,
				5F987DA620BFC523006A84BB /* NSObject+DYSafe.h */,
				5F987DA720BFC523006A84BB /* NSObject+DYSafe.m */,
				5F987DA920BFC541006A84BB /* NSObject+DYSwizzle.h */,
				5F987DAA20BFC541006A84BB /* NSObject+DYSwizzle.m */,
			);
			path = DYSafeObject;
			sourceTree = "<group>";
		};
/* End PBXGroup section */

/* Begin PBXNativeTarget section */
		5F987D6020BFC305006A84BB /* DYSafeObjectDemo */ = {
			isa = PBXNativeTarget;
			buildConfigurationList = 5F987D8D20BFC306006A84BB /* Build configuration list for PBXNativeTarget "DYSafeObjectDemo" */;
			buildPhases = (
				5F987D5D20BFC305006A84BB /* Sources */,
				5F987D5E20BFC305006A84BB /* Frameworks */,
				5F987D5F20BFC305006A84BB /* Resources */,
			);
			buildRules = (
			);
			dependencies = (
			);
			name = DYSafeObjectDemo;
			productName = DYSafeObjectDemo;
			productReference = 5F987D6120BFC305006A84BB /* DYSafeObjectDemo.app */;
			productType = "com.apple.product-type.application";
		};
		5F987D7820BFC306006A84BB /* DYSafeObjectDemoTests */ = {
			isa = PBXNativeTarget;
			buildConfigurationList = 5F987D9020BFC306006A84BB /* Build configuration list for PBXNativeTarget "DYSafeObjectDemoTests" */;
			buildPhases = (
				5F987D7520BFC306006A84BB /* Sources */,
				5F987D7620BFC306006A84BB /* Frameworks */,
				5F987D7720BFC306006A84BB /* Resources */,
			);
			buildRules = (
			);
			dependencies = (
				5F987D7B20BFC306006A84BB /* PBXTargetDependency */,
			);
			name = DYSafeObjectDemoTests;
			productName = DYSafeObjectDemoTests;
			productReference = 5F987D7920BFC306006A84BB /* DYSafeObjectDemoTests.xctest */;
			productType = "com.apple.product-type.bundle.unit-test";
		};
		5F987D8320BFC306006A84BB /* DYSafeObjectDemoUITests */ = {
			isa = PBXNativeTarget;
			buildConfigurationList = 5F987D9320BFC306006A84BB /* Build configuration list for PBXNativeTarget "DYSafeObjectDemoUITests" */;
			buildPhases = (
				5F987D8020BFC306006A84BB /* Sources */,
				5F987D8120BFC306006A84BB /* Frameworks */,
				5F987D8220BFC306006A84BB /* Resources */,
			);
			buildRules = (
			);
			dependencies = (
				5F987D8620BFC306006A84BB /* PBXTargetDependency */,
			);
			name = DYSafeObjectDemoUITests;
			productName = DYSafeObjectDemoUITests;
			productReference = 5F987D8420BFC306006A84BB /* DYSafeObjectDemoUITests.xctest */;
			productType = "com.apple.product-type.bundle.ui-testing";
		};
/* End PBXNativeTarget section */

/* Begin PBXProject section */
		5F987D5920BFC305006A84BB /* Project object */ = {
			isa = PBXProject;
			attributes = {
				LastUpgradeCheck = 0930;
				ORGANIZATIONNAME = DefaultYuan;
				TargetAttributes = {
					5F987D6020BFC305006A84BB = {
						CreatedOnToolsVersion = 9.3.1;
					};
					5F987D7820BFC306006A84BB = {
						CreatedOnToolsVersion = 9.3.1;
						TestTargetID = 5F987D6020BFC305006A84BB;
					};
					5F987D8320BFC306006A84BB = {
						CreatedOnToolsVersion = 9.3.1;
						TestTargetID = 5F987D6020BFC305006A84BB;
					};
				};
			};
			buildConfigurationList = 5F987D5C20BFC305006A84BB /* Build configuration list for PBXProject "DYSafeObjectDemo" */;
			compatibilityVersion = "Xcode 9.3";
			developmentRegion = en;
			hasScannedForEncodings = 0;
			knownRegions = (
				en,
				Base,
			);
			mainGroup = 5F987D5820BFC305006A84BB;
			productRefGroup = 5F987D6220BFC305006A84BB /* Products */;
			projectDirPath = "";
			projectRoot = "";
			targets = (
				5F987D6020BFC305006A84BB /* DYSafeObjectDemo */,
				5F987D7820BFC306006A84BB /* DYSafeObjectDemoTests */,
				5F987D8320BFC306006A84BB /* DYSafeObjectDemoUITests */,
			);
		};
/* End PBXProject section */

/* Begin PBXResourcesBuildPhase section */
		5F987D5F20BFC305006A84BB /* Resources */ = {
			isa = PBXResourcesBuildPhase;
			buildActionMask = 2147483647;
			files = (
				5F987D7120BFC306006A84BB /* LaunchScreen.storyboard in Resources */,
				5F987D6E20BFC306006A84BB /* Assets.xcassets in Resources */,
				5F987D6C20BFC305006A84BB /* Main.storyboard in Resources */,
			);
			runOnlyForDeploymentPostprocessing = 0;
		};
		5F987D7720BFC306006A84BB /* Resources */ = {
			isa = PBXResourcesBuildPhase;
			buildActionMask = 2147483647;
			files = (
			);
			runOnlyForDeploymentPostprocessing = 0;
		};
		5F987D8220BFC306006A84BB /* Resources */ = {
			isa = PBXResourcesBuildPhase;
			buildActionMask = 2147483647;
			files = (
			);
			runOnlyForDeploymentPostprocessing = 0;
		};
/* End PBXResourcesBuildPhase section */

/* Begin PBXSourcesBuildPhase section */
		5F987D5D20BFC305006A84BB /* Sources */ = {
			isa = PBXSourcesBuildPhase;
			buildActionMask = 2147483647;
			files = (
				5F987D9C20BFC38C006A84BB /* NSMutableArray+DYSafe.m in Sources */,
				5F987D6920BFC305006A84BB /* ViewController.m in Sources */,
				5F987DA220BFC4A4006A84BB /* NSMutableDictionary+DYSafe.m in Sources */,
				5F987D9F20BFC48A006A84BB /* NSDictionary+DYSafe.m in Sources */,
				5F987DA520BFC4C9006A84BB /* NSMutableString+DYSafe.m in Sources */,
				5F987D7420BFC306006A84BB /* main.m in Sources */,
				5F987DA820BFC523006A84BB /* NSObject+DYSafe.m in Sources */,
				5F987D9920BFC36F006A84BB /* NSArray+DYSafe.m in Sources */,
				5F987D6620BFC305006A84BB /* AppDelegate.m in Sources */,
				5F987DAB20BFC541006A84BB /* NSObject+DYSwizzle.m in Sources */,
			);
			runOnlyForDeploymentPostprocessing = 0;
		};
		5F987D7520BFC306006A84BB /* Sources */ = {
			isa = PBXSourcesBuildPhase;
			buildActionMask = 2147483647;
			files = (
				5F987D7E20BFC306006A84BB /* DYSafeObjectDemoTests.m in Sources */,
			);
			runOnlyForDeploymentPostprocessing = 0;
		};
		5F987D8020BFC306006A84BB /* Sources */ = {
			isa = PBXSourcesBuildPhase;
			buildActionMask = 2147483647;
			files = (
				5F987D8920BFC306006A84BB /* DYSafeObjectDemoUITests.m in Sources */,
			);
			runOnlyForDeploymentPostprocessing = 0;
		};
/* End PBXSourcesBuildPhase section */

/* Begin PBXTargetDependency section */
		5F987D7B20BFC306006A84BB /* PBXTargetDependency */ = {
			isa = PBXTargetDependency;
			target = 5F987D6020BFC305006A84BB /* DYSafeObjectDemo */;
			targetProxy = 5F987D7A20BFC306006A84BB /* PBXContainerItemProxy */;
		};
		5F987D8620BFC306006A84BB /* PBXTargetDependency */ = {
			isa = PBXTargetDependency;
			target = 5F987D6020BFC305006A84BB /* DYSafeObjectDemo */;
			targetProxy = 5F987D8520BFC306006A84BB /* PBXContainerItemProxy */;
		};
/* End PBXTargetDependency section */

/* Begin PBXVariantGroup section */
		5F987D6A20BFC305006A84BB /* Main.storyboard */ = {
			isa = PBXVariantGroup;
			children = (
				5F987D6B20BFC305006A84BB /* Base */,
			);
			name = Main.storyboard;
			sourceTree = "<group>";
		};
		5F987D6F20BFC306006A84BB /* LaunchScreen.storyboard */ = {
			isa = PBXVariantGroup;
			children = (
				5F987D7020BFC306006A84BB /* Base */,
			);
			name = LaunchScreen.storyboard;
			sourceTree = "<group>";
		};
/* End PBXVariantGroup section */

/* Begin XCBuildConfiguration section */
		5F987D8B20BFC306006A84BB /* Debug */ = {
			isa = XCBuildConfiguration;
			buildSettings = {
				ALWAYS_SEARCH_USER_PATHS = NO;
				CLANG_ANALYZER_NONNULL = YES;
				CLANG_ANALYZER_NUMBER_OBJECT_CONVERSION = YES_AGGRESSIVE;
				CLANG_CXX_LANGUAGE_STANDARD = "gnu++14";
				CLANG_CXX_LIBRARY = "libc++";
				CLANG_ENABLE_MODULES = YES;
				CLANG_ENABLE_OBJC_ARC = YES;
				CLANG_ENABLE_OBJC_WEAK = YES;
				CLANG_WARN_BLOCK_CAPTURE_AUTORELEASING = YES;
				CLANG_WARN_BOOL_CONVERSION = YES;
				CLANG_WARN_COMMA = YES;
				CLANG_WARN_CONSTANT_CONVERSION = YES;
				CLANG_WARN_DEPRECATED_OBJC_IMPLEMENTATIONS = YES;
				CLANG_WARN_DIRECT_OBJC_ISA_USAGE = YES_ERROR;
				CLANG_WARN_DOCUMENTATION_COMMENTS = YES;
				CLANG_WARN_EMPTY_BODY = YES;
				CLANG_WARN_ENUM_CONVERSION = YES;
				CLANG_WARN_INFINITE_RECURSION = YES;
				CLANG_WARN_INT_CONVERSION = YES;
				CLANG_WARN_NON_LITERAL_NULL_CONVERSION = YES;
				CLANG_WARN_OBJC_IMPLICIT_RETAIN_SELF = YES;
				CLANG_WARN_OBJC_LITERAL_CONVERSION = YES;
				CLANG_WARN_OBJC_ROOT_CLASS = YES_ERROR;
				CLANG_WARN_RANGE_LOOP_ANALYSIS = YES;
				CLANG_WARN_STRICT_PROTOTYPES = YES;
				CLANG_WARN_SUSPICIOUS_MOVE = YES;
				CLANG_WARN_UNGUARDED_AVAILABILITY = YES_AGGRESSIVE;
				CLANG_WARN_UNREACHABLE_CODE = YES;
				CLANG_WARN__DUPLICATE_METHOD_MATCH = YES;
				CODE_SIGN_IDENTITY = "iPhone Developer";
				COPY_PHASE_STRIP = NO;
				DEBUG_INFORMATION_FORMAT = dwarf;
				ENABLE_STRICT_OBJC_MSGSEND = YES;
				ENABLE_TESTABILITY = YES;
				GCC_C_LANGUAGE_STANDARD = gnu11;
				GCC_DYNAMIC_NO_PIC = NO;
				GCC_NO_COMMON_BLOCKS = YES;
				GCC_OPTIMIZATION_LEVEL = 0;
				GCC_PREPROCESSOR_DEFINITIONS = (
					"DEBUG=1",
					"$(inherited)",
				);
				GCC_WARN_64_TO_32_BIT_CONVERSION = YES;
				GCC_WARN_ABOUT_RETURN_TYPE = YES_ERROR;
				GCC_WARN_UNDECLARED_SELECTOR = YES;
				GCC_WARN_UNINITIALIZED_AUTOS = YES_AGGRESSIVE;
				GCC_WARN_UNUSED_FUNCTION = YES;
				GCC_WARN_UNUSED_VARIABLE = YES;
				IPHONEOS_DEPLOYMENT_TARGET = 11.3;
				MTL_ENABLE_DEBUG_INFO = YES;
				ONLY_ACTIVE_ARCH = YES;
				SDKROOT = iphoneos;
			};
			name = Debug;
		};
		5F987D8C20BFC306006A84BB /* Release */ = {
			isa = XCBuildConfiguration;
			buildSettings = {
				ALWAYS_SEARCH_USER_PATHS = NO;
				CLANG_ANALYZER_NONNULL = YES;
				CLANG_ANALYZER_NUMBER_OBJECT_CONVERSION = YES_AGGRESSIVE;
				CLANG_CXX_LANGUAGE_STANDARD = "gnu++14";
				CLANG_CXX_LIBRARY = "libc++";
				CLANG_ENABLE_MODULES = YES;
				CLANG_ENABLE_OBJC_ARC = YES;
				CLANG_ENABLE_OBJC_WEAK = YES;
				CLANG_WARN_BLOCK_CAPTURE_AUTORELEASING = YES;
				CLANG_WARN_BOOL_CONVERSION = YES;
				CLANG_WARN_COMMA = YES;
				CLANG_WARN_CONSTANT_CONVERSION = YES;
				CLANG_WARN_DEPRECATED_OBJC_IMPLEMENTATIONS = YES;
				CLANG_WARN_DIRECT_OBJC_ISA_USAGE = YES_ERROR;
				CLANG_WARN_DOCUMENTATION_COMMENTS = YES;
				CLANG_WARN_EMPTY_BODY = YES;
				CLANG_WARN_ENUM_CONVERSION = YES;
				CLANG_WARN_INFINITE_RECURSION = YES;
				CLANG_WARN_INT_CONVERSION = YES;
				CLANG_WARN_NON_LITERAL_NULL_CONVERSION = YES;
				CLANG_WARN_OBJC_IMPLICIT_RETAIN_SELF = YES;
				CLANG_WARN_OBJC_LITERAL_CONVERSION = YES;
				CLANG_WARN_OBJC_ROOT_CLASS = YES_ERROR;
				CLANG_WARN_RANGE_LOOP_ANALYSIS = YES;
				CLANG_WARN_STRICT_PROTOTYPES = YES;
				CLANG_WARN_SUSPICIOUS_MOVE = YES;
				CLANG_WARN_UNGUARDED_AVAILABILITY = YES_AGGRESSIVE;
				CLANG_WARN_UNREACHABLE_CODE = YES;
				CLANG_WARN__DUPLICATE_METHOD_MATCH = YES;
				CODE_SIGN_IDENTITY = "iPhone Developer";
				COPY_PHASE_STRIP = NO;
				DEBUG_INFORMATION_FORMAT = "dwarf-with-dsym";
				ENABLE_NS_ASSERTIONS = NO;
				ENABLE_STRICT_OBJC_MSGSEND = YES;
				GCC_C_LANGUAGE_STANDARD = gnu11;
				GCC_NO_COMMON_BLOCKS = YES;
				GCC_WARN_64_TO_32_BIT_CONVERSION = YES;
				GCC_WARN_ABOUT_RETURN_TYPE = YES_ERROR;
				GCC_WARN_UNDECLARED_SELECTOR = YES;
				GCC_WARN_UNINITIALIZED_AUTOS = YES_AGGRESSIVE;
				GCC_WARN_UNUSED_FUNCTION = YES;
				GCC_WARN_UNUSED_VARIABLE = YES;
				IPHONEOS_DEPLOYMENT_TARGET = 11.3;
				MTL_ENABLE_DEBUG_INFO = NO;
				SDKROOT = iphoneos;
				VALIDATE_PRODUCT = YES;
			};
			name = Release;
		};
		5F987D8E20BFC306006A84BB /* Debug */ = {
			isa = XCBuildConfiguration;
			buildSettings = {
				ASSETCATALOG_COMPILER_APPICON_NAME = AppIcon;
				CODE_SIGN_STYLE = Automatic;
				INFOPLIST_FILE = DYSafeObjectDemo/Info.plist;
				LD_RUNPATH_SEARCH_PATHS = (
					"$(inherited)",
					"@executable_path/Frameworks",
				);
				PRODUCT_BUNDLE_IDENTIFIER = com.DYSafeObjectDemo;
				PRODUCT_NAME = "$(TARGET_NAME)";
				TARGETED_DEVICE_FAMILY = "1,2";
			};
			name = Debug;
		};
		5F987D8F20BFC306006A84BB /* Release */ = {
			isa = XCBuildConfiguration;
			buildSettings = {
				ASSETCATALOG_COMPILER_APPICON_NAME = AppIcon;
				CODE_SIGN_STYLE = Automatic;
				INFOPLIST_FILE = DYSafeObjectDemo/Info.plist;
				LD_RUNPATH_SEARCH_PATHS = (
					"$(inherited)",
					"@executable_path/Frameworks",
				);
				PRODUCT_BUNDLE_IDENTIFIER = com.DYSafeObjectDemo;
				PRODUCT_NAME = "$(TARGET_NAME)";
				TARGETED_DEVICE_FAMILY = "1,2";
			};
			name = Release;
		};
		5F987D9120BFC306006A84BB /* Debug */ = {
			isa = XCBuildConfiguration;
			buildSettings = {
				BUNDLE_LOADER = "$(TEST_HOST)";
				CODE_SIGN_STYLE = Automatic;
				INFOPLIST_FILE = DYSafeObjectDemoTests/Info.plist;
				LD_RUNPATH_SEARCH_PATHS = (
					"$(inherited)",
					"@executable_path/Frameworks",
					"@loader_path/Frameworks",
				);
				PRODUCT_BUNDLE_IDENTIFIER = com.DYSafeObjectDemoTests;
				PRODUCT_NAME = "$(TARGET_NAME)";
				TARGETED_DEVICE_FAMILY = "1,2";
				TEST_HOST = "$(BUILT_PRODUCTS_DIR)/DYSafeObjectDemo.app/DYSafeObjectDemo";
			};
			name = Debug;
		};
		5F987D9220BFC306006A84BB /* Release */ = {
			isa = XCBuildConfiguration;
			buildSettings = {
				BUNDLE_LOADER = "$(TEST_HOST)";
				CODE_SIGN_STYLE = Automatic;
				INFOPLIST_FILE = DYSafeObjectDemoTests/Info.plist;
				LD_RUNPATH_SEARCH_PATHS = (
					"$(inherited)",
					"@executable_path/Frameworks",
					"@loader_path/Frameworks",
				);
				PRODUCT_BUNDLE_IDENTIFIER = com.DYSafeObjectDemoTests;
				PRODUCT_NAME = "$(TARGET_NAME)";
				TARGETED_DEVICE_FAMILY = "1,2";
				TEST_HOST = "$(BUILT_PRODUCTS_DIR)/DYSafeObjectDemo.app/DYSafeObjectDemo";
			};
			name = Release;
		};
		5F987D9420BFC306006A84BB /* Debug */ = {
			isa = XCBuildConfiguration;
			buildSettings = {
				CODE_SIGN_STYLE = Automatic;
				INFOPLIST_FILE = DYSafeObjectDemoUITests/Info.plist;
				LD_RUNPATH_SEARCH_PATHS = (
					"$(inherited)",
					"@executable_path/Frameworks",
					"@loader_path/Frameworks",
				);
				PRODUCT_BUNDLE_IDENTIFIER = com.DYSafeObjectDemoUITests;
				PRODUCT_NAME = "$(TARGET_NAME)";
				TARGETED_DEVICE_FAMILY = "1,2";
				TEST_TARGET_NAME = DYSafeObjectDemo;
			};
			name = Debug;
		};
		5F987D9520BFC306006A84BB /* Release */ = {
			isa = XCBuildConfiguration;
			buildSettings = {
				CODE_SIGN_STYLE = Automatic;
				INFOPLIST_FILE = DYSafeObjectDemoUITests/Info.plist;
				LD_RUNPATH_SEARCH_PATHS = (
					"$(inherited)",
					"@executable_path/Frameworks",
					"@loader_path/Frameworks",
				);
				PRODUCT_BUNDLE_IDENTIFIER = com.DYSafeObjectDemoUITests;
				PRODUCT_NAME = "$(TARGET_NAME)";
				TARGETED_DEVICE_FAMILY = "1,2";
				TEST_TARGET_NAME = DYSafeObjectDemo;
			};
			name = Release;
		};
/* End XCBuildConfiguration section */

/* Begin XCConfigurationList section */
		5F987D5C20BFC305006A84BB /* Build configuration list for PBXProject "DYSafeObjectDemo" */ = {
			isa = XCConfigurationList;
			buildConfigurations = (
				5F987D8B20BFC306006A84BB /* Debug */,
				5F987D8C20BFC306006A84BB /* Release */,
			);
			defaultConfigurationIsVisible = 0;
			defaultConfigurationName = Release;
		};
		5F987D8D20BFC306006A84BB /* Build configuration list for PBXNativeTarget "DYSafeObjectDemo" */ = {
			isa = XCConfigurationList;
			buildConfigurations = (
				5F987D8E20BFC306006A84BB /* Debug */,
				5F987D8F20BFC306006A84BB /* Release */,
			);
			defaultConfigurationIsVisible = 0;
			defaultConfigurationName = Release;
		};
		5F987D9020BFC306006A84BB /* Build configuration list for PBXNativeTarget "DYSafeObjectDemoTests" */ = {
			isa = XCConfigurationList;
			buildConfigurations = (
				5F987D9120BFC306006A84BB /* Debug */,
				5F987D9220BFC306006A84BB /* Release */,
			);
			defaultConfigurationIsVisible = 0;
			defaultConfigurationName = Release;
		};
		5F987D9320BFC306006A84BB /* Build configuration list for PBXNativeTarget "DYSafeObjectDemoUITests" */ = {
			isa = XCConfigurationList;
			buildConfigurations = (
				5F987D9420BFC306006A84BB /* Debug */,
				5F987D9520BFC306006A84BB /* Release */,
			);
			defaultConfigurationIsVisible = 0;
			defaultConfigurationName = Release;
		};
/* End XCConfigurationList section */
	};
	rootObject = 5F987D5920BFC305006A84BB /* Project object */;
}
